
Microsoft Visual Studio Solution File, Format Version 12.00
# Visual Studio Version 16
VisualStudioVersion = 16.0.30002.166
MinimumVisualStudioVersion = 10.0.40219.1
Project("{FAE04EC0-301F-11D3-BF4B-00C04F79EFBC}") = "customerbill", "customerbill\customerbill.csproj", "{E0E0718E-55B3-4C20-AFBA-CADB91212440}"
EndProject
Global
	GlobalSection(SolutionConfigurationPlatforms) = preSolution
		Debug|Any CPU = Debug|Any CPU
		Release|Any CPU = Release|Any CPU
	EndGlobalSection
	GlobalSection(ProjectConfigurationPlatforms) = postSolution
		{E0E0718E-55B3-4C20-AFBA-CADB91212440}.Debug|Any CPU.ActiveCfg = Debug|Any CPU
		{E0E0718E-55B3-4C20-AFBA-CADB91212440}.Debug|Any CPU.Build.0 = Debug|Any CPU
		{E0E0718E-55B3-4C20-AFBA-CADB91212440}.Release|Any CPU.ActiveCfg = Release|Any CPU
		{E0E0718E-55B3-4C20-AFBA-CADB91212440}.Release|Any CPU.Build.0 = Release|Any CPU
	EndGlobalSection
	GlobalSection(SolutionProperties) = preSolution
		HideSolutionNode = FALSE
	EndGlobalSection
	GlobalSection(ExtensibilityGlobals) = postSolution
		SolutionGuid = {8E891D47-9F8A-461B-9BBB-19E38B18F1CB}
	EndGlobalSection
EndGlobal
